
Microsoft Visual Studio Solution File, Format Version 12.00
# Visual Studio 2012
Project("{FAE04EC0-301F-11D3-BF4B-00C04F79EFBC}") = "PublicLandScript", "PublicLandScript\PublicLandScript.csproj", "{156591D8-4E5F-4C29-A432-BB33B74CF81B}"
EndProject
Project("{FAE04EC0-301F-11D3-BF4B-00C04F79EFBC}") = "TroutMapper.Data", "TroutMapper.Data\TroutMapper.Data.csproj", "{8BC6B55C-0AB9-4203-8AE5-5FA5D959E049}"
EndProject
Project("{FAE04EC0-301F-11D3-BF4B-00C04F79EFBC}") = "TroutMapper.Services", "TroutMapper.Services\TroutMapper.Services.csproj", "{88A0D512-B528-4939-8037-362D2AE6E7A3}"
EndProject
Global
	GlobalSection(SolutionConfigurationPlatforms) = preSolution
		Debug|Any CPU = Debug|Any CPU
		Release|Any CPU = Release|Any CPU
	EndGlobalSection
	GlobalSection(ProjectConfigurationPlatforms) = postSolution
		{156591D8-4E5F-4C29-A432-BB33B74CF81B}.Debug|Any CPU.ActiveCfg = Debug|Any CPU
		{156591D8-4E5F-4C29-A432-BB33B74CF81B}.Debug|Any CPU.Build.0 = Debug|Any CPU
		{156591D8-4E5F-4C29-A432-BB33B74CF81B}.Release|Any CPU.ActiveCfg = Release|Any CPU
		{156591D8-4E5F-4C29-A432-BB33B74CF81B}.Release|Any CPU.Build.0 = Release|Any CPU
		{8BC6B55C-0AB9-4203-8AE5-5FA5D959E049}.Debug|Any CPU.ActiveCfg = Debug|Any CPU
		{8BC6B55C-0AB9-4203-8AE5-5FA5D959E049}.Debug|Any CPU.Build.0 = Debug|Any CPU
		{8BC6B55C-0AB9-4203-8AE5-5FA5D959E049}.Release|Any CPU.ActiveCfg = Release|Any CPU
		{8BC6B55C-0AB9-4203-8AE5-5FA5D959E049}.Release|Any CPU.Build.0 = Release|Any CPU
		{88A0D512-B528-4939-8037-362D2AE6E7A3}.Debug|Any CPU.ActiveCfg = Debug|Any CPU
		{88A0D512-B528-4939-8037-362D2AE6E7A3}.Debug|Any CPU.Build.0 = Debug|Any CPU
		{88A0D512-B528-4939-8037-362D2AE6E7A3}.Release|Any CPU.ActiveCfg = Release|Any CPU
		{88A0D512-B528-4939-8037-362D2AE6E7A3}.Release|Any CPU.Build.0 = Release|Any CPU
	EndGlobalSection
	GlobalSection(SolutionProperties) = preSolution
		HideSolutionNode = FALSE
	EndGlobalSection
EndGlobal
